// !$*UTF8*$!
{
	archiveVersion = 1;
	classes = {
	};
	objectVersion = 46;
	objects = {

/* Begin PBXBuildFile section */
		B0870C791B7F2AD800C80262 /* AppDelegate.swift in Sources */ = {isa = PBXBuildFile; fileRef = B0870C781B7F2AD800C80262 /* AppDelegate.swift */; };
		B0870C801B7F2AD800C80262 /* Assets.xcassets in Resources */ = {isa = PBXBuildFile; fileRef = B0870C7F1B7F2AD800C80262 /* Assets.xcassets */; };
		B0870C831B7F2AD800C80262 /* LaunchScreen.storyboard in Resources */ = {isa = PBXBuildFile; fileRef = B0870C811B7F2AD800C80262 /* LaunchScreen.storyboard */; };
		B0870C921B7F2B1C00C80262 /* Main.storyboard in Resources */ = {isa = PBXBuildFile; fileRef = B0870C901B7F2B1C00C80262 /* Main.storyboard */; };
		B0870C931B7F2B1C00C80262 /* Second.storyboard in Resources */ = {isa = PBXBuildFile; fileRef = B0870C911B7F2B1C00C80262 /* Second.storyboard */; };
		B0870C961B7F2B2500C80262 /* IBIncludedThing.swift in Sources */ = {isa = PBXBuildFile; fileRef = B0870C941B7F2B2500C80262 /* IBIncludedThing.swift */; };
		B0870C971B7F2B2500C80262 /* IBIncludedWrapperViewController.swift in Sources */ = {isa = PBXBuildFile; fileRef = B0870C951B7F2B2500C80262 /* IBIncludedWrapperViewController.swift */; };
		B0870C991B7F2B4500C80262 /* MainScene1Controller.swift in Sources */ = {isa = PBXBuildFile; fileRef = B0870C981B7F2B4500C80262 /* MainScene1Controller.swift */; };
		B0870CA21B7F2B4C00C80262 /* Nib.xib in Resources */ = {isa = PBXBuildFile; fileRef = B0870C9C1B7F2B4C00C80262 /* Nib.xib */; };
		B0870CA31B7F2B4C00C80262 /* NibController.swift in Sources */ = {isa = PBXBuildFile; fileRef = B0870C9D1B7F2B4C00C80262 /* NibController.swift */; };
		B0870CA41B7F2B4C00C80262 /* Nib2.xib in Resources */ = {isa = PBXBuildFile; fileRef = B0870C9F1B7F2B4C00C80262 /* Nib2.xib */; };
		B0870CA51B7F2B4C00C80262 /* Nib2Controller.swift in Sources */ = {isa = PBXBuildFile; fileRef = B0870CA01B7F2B4C00C80262 /* Nib2Controller.swift */; };
		B0870CA61B7F2B4C00C80262 /* Nibs.storyboard in Resources */ = {isa = PBXBuildFile; fileRef = B0870CA11B7F2B4C00C80262 /* Nibs.storyboard */; };
		B0870CA81B7F2B5200C80262 /* SecondScene1Controller.swift in Sources */ = {isa = PBXBuildFile; fileRef = B0870CA71B7F2B5200C80262 /* SecondScene1Controller.swift */; };
/* End PBXBuildFile section */

/* Begin PBXFileReference section */
		B0870C751B7F2AD800C80262 /* IBIncludedStoryboardDemo.app */ = {isa = PBXFileReference; explicitFileType = wrapper.application; includeInIndex = 0; path = IBIncludedStoryboardDemo.app; sourceTree = BUILT_PRODUCTS_DIR; };
		B0870C781B7F2AD800C80262 /* AppDelegate.swift */ = {isa = PBXFileReference; lastKnownFileType = sourcecode.swift; path = AppDelegate.swift; sourceTree = "<group>"; };
		B0870C7F1B7F2AD800C80262 /* Assets.xcassets */ = {isa = PBXFileReference; lastKnownFileType = folder.assetcatalog; path = Assets.xcassets; sourceTree = "<group>"; };
		B0870C821B7F2AD800C80262 /* Base */ = {isa = PBXFileReference; lastKnownFileType = file.storyboard; name = Base; path = Base.lproj/LaunchScreen.storyboard; sourceTree = "<group>"; };
		B0870C841B7F2AD800C80262 /* Info.plist */ = {isa = PBXFileReference; lastKnownFileType = text.plist.xml; path = Info.plist; sourceTree = "<group>"; };
		B0870C901B7F2B1C00C80262 /* Main.storyboard */ = {isa = PBXFileReference; fileEncoding = 4; lastKnownFileType = file.storyboard; path = Main.storyboard; sourceTree = "<group>"; };
		B0870C911B7F2B1C00C80262 /* Second.storyboard */ = {isa = PBXFileReference; fileEncoding = 4; lastKnownFileType = file.storyboard; path = Second.storyboard; sourceTree = "<group>"; };
		B0870C941B7F2B2500C80262 /* IBIncludedThing.swift */ = {isa = PBXFileReference; fileEncoding = 4; lastKnownFileType = sourcecode.swift; path = IBIncludedThing.swift; sourceTree = "<group>"; };
		B0870C951B7F2B2500C80262 /* IBIncludedWrapperViewController.swift */ = {isa = PBXFileReference; fileEncoding = 4; lastKnownFileType = sourcecode.swift; path = IBIncludedWrapperViewController.swift; sourceTree = "<group>"; };
		B0870C981B7F2B4500C80262 /* MainScene1Controller.swift */ = {isa = PBXFileReference; fileEncoding = 4; lastKnownFileType = sourcecode.swift; path = MainScene1Controller.swift; sourceTree = "<group>"; };
		B0870C9C1B7F2B4C00C80262 /* Nib.xib */ = {isa = PBXFileReference; fileEncoding = 4; lastKnownFileType = file.xib; path = Nib.xib; sourceTree = "<group>"; };
		B0870C9D1B7F2B4C00C80262 /* NibController.swift */ = {isa = PBXFileReference; fileEncoding = 4; lastKnownFileType = sourcecode.swift; path = NibController.swift; sourceTree = "<group>"; };
		B0870C9F1B7F2B4C00C80262 /* Nib2.xib */ = {isa = PBXFileReference; fileEncoding = 4; lastKnownFileType = file.xib; path = Nib2.xib; sourceTree = "<group>"; };
		B0870CA01B7F2B4C00C80262 /* Nib2Controller.swift */ = {isa = PBXFileReference; fileEncoding = 4; lastKnownFileType = sourcecode.swift; path = Nib2Controller.swift; sourceTree = "<group>"; };
		B0870CA11B7F2B4C00C80262 /* Nibs.storyboard */ = {isa = PBXFileReference; fileEncoding = 4; lastKnownFileType = file.storyboard; path = Nibs.storyboard; sourceTree = "<group>"; };
		B0870CA71B7F2B5200C80262 /* SecondScene1Controller.swift */ = {isa = PBXFileReference; fileEncoding = 4; lastKnownFileType = sourcecode.swift; path = SecondScene1Controller.swift; sourceTree = "<group>"; };
/* End PBXFileReference section */

/* Begin PBXFrameworksBuildPhase section */
		B0870C721B7F2AD800C80262 /* Frameworks */ = {
			isa = PBXFrameworksBuildPhase;
			buildActionMask = 2147483647;
			files = (
			);
			runOnlyForDeploymentPostprocessing = 0;
		};
/* End PBXFrameworksBuildPhase section */

/* Begin PBXGroup section */
		B0870C6C1B7F2AD800C80262 = {
			isa = PBXGroup;
			children = (
				B0870C771B7F2AD800C80262 /* IBIncludedStoryboardDemo */,
				B0870C761B7F2AD800C80262 /* Products */,
			);
			sourceTree = "<group>";
		};
		B0870C761B7F2AD800C80262 /* Products */ = {
			isa = PBXGroup;
			children = (
				B0870C751B7F2AD800C80262 /* IBIncludedStoryboardDemo.app */,
			);
			name = Products;
			sourceTree = "<group>";
		};
		B0870C771B7F2AD800C80262 /* IBIncludedStoryboardDemo */ = {
			isa = PBXGroup;
			children = (
				B0870C7F1B7F2AD800C80262 /* Assets.xcassets */,
				B0870C941B7F2B2500C80262 /* IBIncludedThing.swift */,
				B0870C951B7F2B2500C80262 /* IBIncludedWrapperViewController.swift */,
				B0870C781B7F2AD800C80262 /* AppDelegate.swift */,
				B0870C811B7F2AD800C80262 /* LaunchScreen.storyboard */,
				B0870C901B7F2B1C00C80262 /* Main.storyboard */,
				B0870C981B7F2B4500C80262 /* MainScene1Controller.swift */,
				B0870C911B7F2B1C00C80262 /* Second.storyboard */,
				B0870CA71B7F2B5200C80262 /* SecondScene1Controller.swift */,
				B0870C9A1B7F2B4C00C80262 /* Nibs */,
				B0870C841B7F2AD800C80262 /* Info.plist */,
			);
			path = IBIncludedStoryboardDemo;
			sourceTree = "<group>";
		};
		B0870C9A1B7F2B4C00C80262 /* Nibs */ = {
			isa = PBXGroup;
			children = (
				B0870C9B1B7F2B4C00C80262 /* nib */,
				B0870C9E1B7F2B4C00C80262 /* nib2 */,
				B0870CA11B7F2B4C00C80262 /* Nibs.storyboard */,
			);
			path = Nibs;
			sourceTree = "<group>";
		};
		B0870C9B1B7F2B4C00C80262 /* nib */ = {
			isa = PBXGroup;
			children = (
				B0870C9C1B7F2B4C00C80262 /* Nib.xib */,
				B0870C9D1B7F2B4C00C80262 /* NibController.swift */,
			);
			path = nib;
			sourceTree = "<group>";
		};
		B0870C9E1B7F2B4C00C80262 /* nib2 */ = {
			isa = PBXGroup;
			children = (
				B0870C9F1B7F2B4C00C80262 /* Nib2.xib */,
				B0870CA01B7F2B4C00C80262 /* Nib2Controller.swift */,
			);
			path = nib2;
			sourceTree = "<group>";
		};
/* End PBXGroup section */

/* Begin PBXNativeTarget section */
		B0870C741B7F2AD800C80262 /* IBIncludedStoryboardDemo */ = {
			isa = PBXNativeTarget;
			buildConfigurationList = B0870C871B7F2AD800C80262 /* Build configuration list for PBXNativeTarget "IBIncludedStoryboardDemo" */;
			buildPhases = (
				B0870C711B7F2AD800C80262 /* Sources */,
				B0870C721B7F2AD800C80262 /* Frameworks */,
				B0870C731B7F2AD800C80262 /* Resources */,
			);
			buildRules = (
			);
			dependencies = (
			);
			name = IBIncludedStoryboardDemo;
			productName = IBIncludedStoryboardDemo;
			productReference = B0870C751B7F2AD800C80262 /* IBIncludedStoryboardDemo.app */;
			productType = "com.apple.product-type.application";
		};
/* End PBXNativeTarget section */

/* Begin PBXProject section */
		B0870C6D1B7F2AD800C80262 /* Project object */ = {
			isa = PBXProject;
			attributes = {
				LastUpgradeCheck = 0700;
				ORGANIZATIONNAME = "Emily Ivie";
				TargetAttributes = {
					B0870C741B7F2AD800C80262 = {
						CreatedOnToolsVersion = 7.0;
					};
				};
			};
			buildConfigurationList = B0870C701B7F2AD800C80262 /* Build configuration list for PBXProject "IBIncludedStoryboardDemo" */;
			compatibilityVersion = "Xcode 3.2";
			developmentRegion = English;
			hasScannedForEncodings = 0;
			knownRegions = (
				en,
				Base,
			);
			mainGroup = B0870C6C1B7F2AD800C80262;
			productRefGroup = B0870C761B7F2AD800C80262 /* Products */;
			projectDirPath = "";
			projectRoot = "";
			targets = (
				B0870C741B7F2AD800C80262 /* IBIncludedStoryboardDemo */,
			);
		};
/* End PBXProject section */

/* Begin PBXResourcesBuildPhase section */
		B0870C731B7F2AD800C80262 /* Resources */ = {
			isa = PBXResourcesBuildPhase;
			buildActionMask = 2147483647;
			files = (
				B0870C931B7F2B1C00C80262 /* Second.storyboard in Resources */,
				B0870C921B7F2B1C00C80262 /* Main.storyboard in Resources */,
				B0870C831B7F2AD800C80262 /* LaunchScreen.storyboard in Resources */,
				B0870CA61B7F2B4C00C80262 /* Nibs.storyboard in Resources */,
				B0870C801B7F2AD800C80262 /* Assets.xcassets in Resources */,
				B0870CA41B7F2B4C00C80262 /* Nib2.xib in Resources */,
				B0870CA21B7F2B4C00C80262 /* Nib.xib in Resources */,
			);
			runOnlyForDeploymentPostprocessing = 0;
		};
/* End PBXResourcesBuildPhase section */

/* Begin PBXSourcesBuildPhase section */
		B0870C711B7F2AD800C80262 /* Sources */ = {
			isa = PBXSourcesBuildPhase;
			buildActionMask = 2147483647;
			files = (
				B0870CA51B7F2B4C00C80262 /* Nib2Controller.swift in Sources */,
				B0870CA31B7F2B4C00C80262 /* NibController.swift in Sources */,
				B0870C971B7F2B2500C80262 /* IBIncludedWrapperViewController.swift in Sources */,
				B0870C991B7F2B4500C80262 /* MainScene1Controller.swift in Sources */,
				B0870C791B7F2AD800C80262 /* AppDelegate.swift in Sources */,
				B0870CA81B7F2B5200C80262 /* SecondScene1Controller.swift in Sources */,
				B0870C961B7F2B2500C80262 /* IBIncludedThing.swift in Sources */,
			);
			runOnlyForDeploymentPostprocessing = 0;
		};
/* End PBXSourcesBuildPhase section */

/* Begin PBXVariantGroup section */
		B0870C811B7F2AD800C80262 /* LaunchScreen.storyboard */ = {
			isa = PBXVariantGroup;
			children = (
				B0870C821B7F2AD800C80262 /* Base */,
			);
			name = LaunchScreen.storyboard;
			sourceTree = "<group>";
		};
/* End PBXVariantGroup section */

/* Begin XCBuildConfiguration section */
		B0870C851B7F2AD800C80262 /* Debug */ = {
			isa = XCBuildConfiguration;
			buildSettings = {
				ALWAYS_SEARCH_USER_PATHS = NO;
				CLANG_CXX_LANGUAGE_STANDARD = "gnu++0x";
				CLANG_CXX_LIBRARY = "libc++";
				CLANG_ENABLE_MODULES = YES;
				CLANG_ENABLE_OBJC_ARC = YES;
				CLANG_WARN_BOOL_CONVERSION = YES;
				CLANG_WARN_CONSTANT_CONVERSION = YES;
				CLANG_WARN_DIRECT_OBJC_ISA_USAGE = YES_ERROR;
				CLANG_WARN_EMPTY_BODY = YES;
				CLANG_WARN_ENUM_CONVERSION = YES;
				CLANG_WARN_INT_CONVERSION = YES;
				CLANG_WARN_OBJC_ROOT_CLASS = YES_ERROR;
				CLANG_WARN_UNREACHABLE_CODE = YES;
				CLANG_WARN__DUPLICATE_METHOD_MATCH = YES;
				"CODE_SIGN_IDENTITY[sdk=iphoneos*]" = "iPhone Developer";
				COPY_PHASE_STRIP = NO;
				DEBUG_INFORMATION_FORMAT = dwarf;
				ENABLE_STRICT_OBJC_MSGSEND = YES;
				ENABLE_TESTABILITY = YES;
				GCC_C_LANGUAGE_STANDARD = gnu99;
				GCC_DYNAMIC_NO_PIC = NO;
				GCC_NO_COMMON_BLOCKS = YES;
				GCC_OPTIMIZATION_LEVEL = 0;
				GCC_PREPROCESSOR_DEFINITIONS = (
					"DEBUG=1",
					"$(inherited)",
				);
				GCC_WARN_64_TO_32_BIT_CONVERSION = YES;
				GCC_WARN_ABOUT_RETURN_TYPE = YES_ERROR;
				GCC_WARN_UNDECLARED_SELECTOR = YES;
				GCC_WARN_UNINITIALIZED_AUTOS = YES_AGGRESSIVE;
				GCC_WARN_UNUSED_FUNCTION = YES;
				GCC_WARN_UNUSED_VARIABLE = YES;
				IPHONEOS_DEPLOYMENT_TARGET = 9.0;
				MTL_ENABLE_DEBUG_INFO = YES;
				ONLY_ACTIVE_ARCH = YES;
				SDKROOT = iphoneos;
				SWIFT_OPTIMIZATION_LEVEL = "-Onone";
				TARGETED_DEVICE_FAMILY = "1,2";
			};
			name = Debug;
		};
		B0870C861B7F2AD800C80262 /* Release */ = {
			isa = XCBuildConfiguration;
			buildSettings = {
				ALWAYS_SEARCH_USER_PATHS = NO;
				CLANG_CXX_LANGUAGE_STANDARD = "gnu++0x";
				CLANG_CXX_LIBRARY = "libc++";
				CLANG_ENABLE_MODULES = YES;
				CLANG_ENABLE_OBJC_ARC = YES;
				CLANG_WARN_BOOL_CONVERSION = YES;
				CLANG_WARN_CONSTANT_CONVERSION = YES;
				CLANG_WARN_DIRECT_OBJC_ISA_USAGE = YES_ERROR;
				CLANG_WARN_EMPTY_BODY = YES;
				CLANG_WARN_ENUM_CONVERSION = YES;
				CLANG_WARN_INT_CONVERSION = YES;
				CLANG_WARN_OBJC_ROOT_CLASS = YES_ERROR;
				CLANG_WARN_UNREACHABLE_CODE = YES;
				CLANG_WARN__DUPLICATE_METHOD_MATCH = YES;
				"CODE_SIGN_IDENTITY[sdk=iphoneos*]" = "iPhone Developer";
				COPY_PHASE_STRIP = NO;
				DEBUG_INFORMATION_FORMAT = "dwarf-with-dsym";
				ENABLE_NS_ASSERTIONS = NO;
				ENABLE_STRICT_OBJC_MSGSEND = YES;
				GCC_C_LANGUAGE_STANDARD = gnu99;
				GCC_NO_COMMON_BLOCKS = YES;
				GCC_WARN_64_TO_32_BIT_CONVERSION = YES;
				GCC_WARN_ABOUT_RETURN_TYPE = YES_ERROR;
				GCC_WARN_UNDECLARED_SELECTOR = YES;
				GCC_WARN_UNINITIALIZED_AUTOS = YES_AGGRESSIVE;
				GCC_WARN_UNUSED_FUNCTION = YES;
				GCC_WARN_UNUSED_VARIABLE = YES;
				IPHONEOS_DEPLOYMENT_TARGET = 9.0;
				MTL_ENABLE_DEBUG_INFO = NO;
				SDKROOT = iphoneos;
				TARGETED_DEVICE_FAMILY = "1,2";
				VALIDATE_PRODUCT = YES;
			};
			name = Release;
		};
		B0870C881B7F2AD800C80262 /* Debug */ = {
			isa = XCBuildConfiguration;
			buildSettings = {
				ASSETCATALOG_COMPILER_APPICON_NAME = AppIcon;
				INFOPLIST_FILE = IBIncludedStoryboardDemo/Info.plist;
				LD_RUNPATH_SEARCH_PATHS = "$(inherited) @executable_path/Frameworks";
				PRODUCT_BUNDLE_IDENTIFIER = com.urdnot.IBIncludedStoryboardDemo;
				PRODUCT_NAME = "$(TARGET_NAME)";
			};
			name = Debug;
		};
		B0870C891B7F2AD800C80262 /* Release */ = {
			isa = XCBuildConfiguration;
			buildSettings = {
				ASSETCATALOG_COMPILER_APPICON_NAME = AppIcon;
				INFOPLIST_FILE = IBIncludedStoryboardDemo/Info.plist;
				LD_RUNPATH_SEARCH_PATHS = "$(inherited) @executable_path/Frameworks";
				PRODUCT_BUNDLE_IDENTIFIER = com.urdnot.IBIncludedStoryboardDemo;
				PRODUCT_NAME = "$(TARGET_NAME)";
			};
			name = Release;
		};
/* End XCBuildConfiguration section */

/* Begin XCConfigurationList section */
		B0870C701B7F2AD800C80262 /* Build configuration list for PBXProject "IBIncludedStoryboardDemo" */ = {
			isa = XCConfigurationList;
			buildConfigurations = (
				B0870C851B7F2AD800C80262 /* Debug */,
				B0870C861B7F2AD800C80262 /* Release */,
			);
			defaultConfigurationIsVisible = 0;
			defaultConfigurationName = Release;
		};
		B0870C871B7F2AD800C80262 /* Build configuration list for PBXNativeTarget "IBIncludedStoryboardDemo" */ = {
			isa = XCConfigurationList;
			buildConfigurations = (
				B0870C881B7F2AD800C80262 /* Debug */,
				B0870C891B7F2AD800C80262 /* Release */,
			);
			defaultConfigurationIsVisible = 0;
			defaultConfigurationName = Release;
		};
/* End XCConfigurationList section */
	};
	rootObject = B0870C6D1B7F2AD800C80262 /* Project object */;
}
